
Microsoft Visual Studio Solution File, Format Version 12.00
# Visual Studio Version 17
VisualStudioVersion = 17.0.31919.166
MinimumVisualStudioVersion = 10.0.40219.1
Project("{9A19103F-16F7-4668-BE54-9A1E7A4F7556}") = "AdeNote.Tests", "AdeNote.Tests\AdeNote.Tests.csproj", "{DFBD5D43-49DF-4205-98DC-3B7A08B4FB45}"
EndProject
Project("{9A19103F-16F7-4668-BE54-9A1E7A4F7556}") = "AdeNote", "AdeNote.API\AdeNote.csproj", "{44B880B3-2514-4565-89FD-E095E247E476}"
EndProject
Project("{2150E333-8FDC-42A3-9474-1A3956D46DE8}") = "Docs", "Docs", "{2B7AA170-0B2B-45DA-90AB-63A383AFEFF6}"
	ProjectSection(SolutionItems) = preProject
		Docs\AdeNote_Configuration.config = Docs\AdeNote_Configuration.config
	EndProjectSection
EndProject
Project("{9A19103F-16F7-4668-BE54-9A1E7A4F7556}") = "Excelify", "Excelify\Excelify.csproj", "{71D46663-13B0-4C51-8765-00B38645C7BF}"
EndProject
Project("{9A19103F-16F7-4668-BE54-9A1E7A4F7556}") = "DocBuilder", "DocBuilder\DocBuilder.csproj", "{FBF678ED-6D9C-462A-9D71-D57AE3F024E9}"
EndProject
Project("{FAE04EC0-301F-11D3-BF4B-00C04F79EFBC}") = "AdeAuth", "AdeAuth\AdeAuth.csproj", "{38D542D8-3B0E-4982-AB14-7F198350D4E7}"
EndProject
Project("{FAE04EC0-301F-11D3-BF4B-00C04F79EFBC}") = "AdeText", "AdeText\AdeText.csproj", "{17E117D6-16FE-4293-9BFA-59A3B99F82F9}"
EndProject
Global
	GlobalSection(SolutionConfigurationPlatforms) = preSolution
		Debug|Any CPU = Debug|Any CPU
		Release|Any CPU = Release|Any CPU
	EndGlobalSection
	GlobalSection(ProjectConfigurationPlatforms) = postSolution
		{DFBD5D43-49DF-4205-98DC-3B7A08B4FB45}.Debug|Any CPU.ActiveCfg = Debug|Any CPU
		{DFBD5D43-49DF-4205-98DC-3B7A08B4FB45}.Debug|Any CPU.Build.0 = Debug|Any CPU
		{DFBD5D43-49DF-4205-98DC-3B7A08B4FB45}.Release|Any CPU.ActiveCfg = Release|Any CPU
		{DFBD5D43-49DF-4205-98DC-3B7A08B4FB45}.Release|Any CPU.Build.0 = Release|Any CPU
		{44B880B3-2514-4565-89FD-E095E247E476}.Debug|Any CPU.ActiveCfg = Debug|Any CPU
		{44B880B3-2514-4565-89FD-E095E247E476}.Debug|Any CPU.Build.0 = Debug|Any CPU
		{44B880B3-2514-4565-89FD-E095E247E476}.Release|Any CPU.ActiveCfg = Release|Any CPU
		{44B880B3-2514-4565-89FD-E095E247E476}.Release|Any CPU.Build.0 = Release|Any CPU
		{71D46663-13B0-4C51-8765-00B38645C7BF}.Debug|Any CPU.ActiveCfg = Debug|Any CPU
		{71D46663-13B0-4C51-8765-00B38645C7BF}.Debug|Any CPU.Build.0 = Debug|Any CPU
		{71D46663-13B0-4C51-8765-00B38645C7BF}.Release|Any CPU.ActiveCfg = Release|Any CPU
		{71D46663-13B0-4C51-8765-00B38645C7BF}.Release|Any CPU.Build.0 = Release|Any CPU
		{FBF678ED-6D9C-462A-9D71-D57AE3F024E9}.Debug|Any CPU.ActiveCfg = Debug|Any CPU
		{FBF678ED-6D9C-462A-9D71-D57AE3F024E9}.Debug|Any CPU.Build.0 = Debug|Any CPU
		{FBF678ED-6D9C-462A-9D71-D57AE3F024E9}.Release|Any CPU.ActiveCfg = Release|Any CPU
		{FBF678ED-6D9C-462A-9D71-D57AE3F024E9}.Release|Any CPU.Build.0 = Release|Any CPU
		{38D542D8-3B0E-4982-AB14-7F198350D4E7}.Debug|Any CPU.ActiveCfg = Debug|Any CPU
		{38D542D8-3B0E-4982-AB14-7F198350D4E7}.Debug|Any CPU.Build.0 = Debug|Any CPU
		{38D542D8-3B0E-4982-AB14-7F198350D4E7}.Release|Any CPU.ActiveCfg = Release|Any CPU
		{38D542D8-3B0E-4982-AB14-7F198350D4E7}.Release|Any CPU.Build.0 = Release|Any CPU
		{17E117D6-16FE-4293-9BFA-59A3B99F82F9}.Debug|Any CPU.ActiveCfg = Debug|Any CPU
		{17E117D6-16FE-4293-9BFA-59A3B99F82F9}.Debug|Any CPU.Build.0 = Debug|Any CPU
		{17E117D6-16FE-4293-9BFA-59A3B99F82F9}.Release|Any CPU.ActiveCfg = Release|Any CPU
		{17E117D6-16FE-4293-9BFA-59A3B99F82F9}.Release|Any CPU.Build.0 = Release|Any CPU
	EndGlobalSection
	GlobalSection(SolutionProperties) = preSolution
		HideSolutionNode = FALSE
	EndGlobalSection
	GlobalSection(ExtensibilityGlobals) = postSolution
		SolutionGuid = {D156DE20-EFE4-42E2-8E47-ED0AA390885B}
	EndGlobalSection
EndGlobal
